
Microsoft Visual Studio Solution File, Format Version 12.00
# Visual Studio 15
VisualStudioVersion = 15.0.28307.168
MinimumVisualStudioVersion = 10.0.40219.1
Project("{FAE04EC0-301F-11D3-BF4B-00C04F79EFBC}") = "MobileTransSolution", "MobileTransSolution\MobileTransSolution.csproj", "{D37A7669-E051-48A5-A423-2B8F7157C8FC}"
EndProject
Project("{FAE04EC0-301F-11D3-BF4B-00C04F79EFBC}") = "MobileTrans.Webserver", "MobileTransWebserver\MobileTrans.Webserver.csproj", "{9754C46A-406D-4CEC-9CD5-7FCCCE94A610}"
EndProject
Global
	GlobalSection(SolutionConfigurationPlatforms) = preSolution
		Debug|Any CPU = Debug|Any CPU
		Release|Any CPU = Release|Any CPU
	EndGlobalSection
	GlobalSection(ProjectConfigurationPlatforms) = postSolution
		{D37A7669-E051-48A5-A423-2B8F7157C8FC}.Debug|Any CPU.ActiveCfg = Debug|Any CPU
		{D37A7669-E051-48A5-A423-2B8F7157C8FC}.Debug|Any CPU.Build.0 = Debug|Any CPU
		{D37A7669-E051-48A5-A423-2B8F7157C8FC}.Release|Any CPU.ActiveCfg = Release|Any CPU
		{D37A7669-E051-48A5-A423-2B8F7157C8FC}.Release|Any CPU.Build.0 = Release|Any CPU
		{9754C46A-406D-4CEC-9CD5-7FCCCE94A610}.Debug|Any CPU.ActiveCfg = Debug|Any CPU
		{9754C46A-406D-4CEC-9CD5-7FCCCE94A610}.Debug|Any CPU.Build.0 = Debug|Any CPU
		{9754C46A-406D-4CEC-9CD5-7FCCCE94A610}.Release|Any CPU.ActiveCfg = Release|Any CPU
		{9754C46A-406D-4CEC-9CD5-7FCCCE94A610}.Release|Any CPU.Build.0 = Release|Any CPU
	EndGlobalSection
	GlobalSection(SolutionProperties) = preSolution
		HideSolutionNode = FALSE
	EndGlobalSection
	GlobalSection(ExtensibilityGlobals) = postSolution
		SolutionGuid = {05AB9053-8DCA-4270-AAFA-12B335506F09}
	EndGlobalSection
EndGlobal
